
Microsoft Visual Studio Solution File, Format Version 12.00
# Visual Studio Version 17
VisualStudioVersion = 17.10.35027.167
MinimumVisualStudioVersion = 10.0.40219.1
Project("{FAE04EC0-301F-11D3-BF4B-00C04F79EFBC}") = "gitapp", "gitapp\gitapp.csproj", "{59894742-BDFE-47EA-9F92-5824F10E5F26}"
EndProject
Global
	GlobalSection(SolutionConfigurationPlatforms) = preSolution
		Debug|Any CPU = Debug|Any CPU
		Release|Any CPU = Release|Any CPU
	EndGlobalSection
	GlobalSection(ProjectConfigurationPlatforms) = postSolution
		{59894742-BDFE-47EA-9F92-5824F10E5F26}.Debug|Any CPU.ActiveCfg = Debug|Any CPU
		{59894742-BDFE-47EA-9F92-5824F10E5F26}.Debug|Any CPU.Build.0 = Debug|Any CPU
		{59894742-BDFE-47EA-9F92-5824F10E5F26}.Release|Any CPU.ActiveCfg = Release|Any CPU
		{59894742-BDFE-47EA-9F92-5824F10E5F26}.Release|Any CPU.Build.0 = Release|Any CPU
	EndGlobalSection
	GlobalSection(SolutionProperties) = preSolution
		HideSolutionNode = FALSE
	EndGlobalSection
	GlobalSection(ExtensibilityGlobals) = postSolution
		SolutionGuid = {546DE01A-6D06-4E08-9C2E-2C91475C8289}
	EndGlobalSection
EndGlobal
